dependencies:
- name: elasticsearch-snapshots
  repository: file://../elasticsearch-snapshots
  version: 1.0.0
- name: graphdb
  repository: https://maven.ontotext.com/repository/helm-public/
  version: 12.4.0
- name: poolparty
  repository: https://poolparty-semantic-suite.github.io/charts
  version: 0.3.3
- name: adf
  repository: https://poolparty-semantic-suite.github.io/charts
  version: 0.1.3
- name: graphviews
  repository: https://poolparty-semantic-suite.github.io/charts
  version: 0.1.1
- name: semantic-workbench
  repository: https://poolparty-semantic-suite.github.io/charts
  version: 0.1.3
digest: sha256:2cbf2698abf4f1c20312f79c1306e8144138e59c6005fd732f555577afcf863d
generated: "2026-07-17T13:40:07.416219179+03:00"
