dependencies:
- name: elasticsearch-snapshots
  repository: file://../elasticsearch-snapshots
  version: 1.0.0
- name: graphdb
  repository: https://maven.ontotext.com/repository/helm-public/
  version: 12.5.0
- name: poolparty
  repository: https://poolparty-semantic-suite.github.io/charts
  version: 1.0.0
- name: adf
  repository: https://poolparty-semantic-suite.github.io/charts
  version: 1.0.0
- name: graphviews
  repository: https://poolparty-semantic-suite.github.io/charts
  version: 0.2.0
- name: semantic-workbench
  repository: https://poolparty-semantic-suite.github.io/charts
  version: 1.0.0
- name: graphwise-graph-automation
  repository: https://poolparty-semantic-suite.github.io/graph-automation-charts
  version: 0.1.0
- name: graphrag
  repository: https://poolparty-semantic-suite.github.io/graphrag-charts
  version: 2.0.0
digest: sha256:84f3b38952b5b2c9abad99cff91c1cbba738ce9a18a0401e70ee89589a0521da
generated: "2026-09-14T18:24:37.262758835+03:00"
